
Microsoft Visual Studio Solution File, Format Version 12.00
# Visual Studio Version 17
VisualStudioVersion = 17.14.36603.0
MinimumVisualStudioVersion = 10.0.40219.1
Project("{8BC9CEB8-8B4A-11D0-8D11-00A0C91BC942}") = "a01_C++시작하기", "a01_C++시작하기\a01_C++시작하기.vcxproj", "{44667E43-8E54-4D15-A665-B9A87C1BBBEF}"
EndProject
Project("{8BC9CEB8-8B4A-11D0-8D11-00A0C91BC942}") = "a02_포인터와 참조자", "a02_포인터와 참조자\a02_포인터와 참조자.vcxproj", "{F541775C-9CE8-4868-BD97-1E8686BBB09B}"
EndProject
Project("{8BC9CEB8-8B4A-11D0-8D11-00A0C91BC942}") = "a03_객체 지향 프로그래밍", "a03_객체 지향 프로그래밍\a03_객체 지향 프로그래밍.vcxproj", "{9CA5CBE2-CA8C-40B3-A101-9B773AB27F01}"
EndProject
Project("{8BC9CEB8-8B4A-11D0-8D11-00A0C91BC942}") = "a04_객체생성자_소멸자", "a04_생성자\a04_생성자.vcxproj", "{6B5088FD-4BA1-43C9-B7C4-CC9212480528}"
EndProject
Project("{8BC9CEB8-8B4A-11D0-8D11-00A0C91BC942}") = "b01_개인 프로젝트", "b01_개인 프로젝트\b01_개인 프로젝트.vcxproj", "{0AA9B9D5-5101-4987-964D-7C2656A3F9D7}"
EndProject
Project("{8BC9CEB8-8B4A-11D0-8D11-00A0C91BC942}") = "a05_객체의 생성", "a05_객체의 생성\a05_객체의 생성.vcxproj", "{B307B46B-1300-4CD9-B73A-80F5B9460737}"
EndProject
Project("{8BC9CEB8-8B4A-11D0-8D11-00A0C91BC942}") = "a06_연산자 오버로딩", "a06_연산자 오버로딩\a06_연산자 오버로딩.vcxproj", "{4379DE19-4948-4A29-8172-EFED894526EA}"
EndProject
Global
	GlobalSection(SolutionConfigurationPlatforms) = preSolution
		Debug|x64 = Debug|x64
		Debug|x86 = Debug|x86
		Release|x64 = Release|x64
		Release|x86 = Release|x86
	EndGlobalSection
	GlobalSection(ProjectConfigurationPlatforms) = postSolution
		{44667E43-8E54-4D15-A665-B9A87C1BBBEF}.Debug|x64.ActiveCfg = Debug|x64
		{44667E43-8E54-4D15-A665-B9A87C1BBBEF}.Debug|x64.Build.0 = Debug|x64
		{44667E43-8E54-4D15-A665-B9A87C1BBBEF}.Debug|x86.ActiveCfg = Debug|Win32
		{44667E43-8E54-4D15-A665-B9A87C1BBBEF}.Debug|x86.Build.0 = Debug|Win32
		{44667E43-8E54-4D15-A665-B9A87C1BBBEF}.Release|x64.ActiveCfg = Release|x64
		{44667E43-8E54-4D15-A665-B9A87C1BBBEF}.Release|x64.Build.0 = Release|x64
		{44667E43-8E54-4D15-A665-B9A87C1BBBEF}.Release|x86.ActiveCfg = Release|Win32
		{44667E43-8E54-4D15-A665-B9A87C1BBBEF}.Release|x86.Build.0 = Release|Win32
		{F541775C-9CE8-4868-BD97-1E8686BBB09B}.Debug|x64.ActiveCfg = Debug|x64
		{F541775C-9CE8-4868-BD97-1E8686BBB09B}.Debug|x64.Build.0 = Debug|x64
		{F541775C-9CE8-4868-BD97-1E8686BBB09B}.Debug|x86.ActiveCfg = Debug|Win32
		{F541775C-9CE8-4868-BD97-1E8686BBB09B}.Debug|x86.Build.0 = Debug|Win32
		{F541775C-9CE8-4868-BD97-1E8686BBB09B}.Release|x64.ActiveCfg = Release|x64
		{F541775C-9CE8-4868-BD97-1E8686BBB09B}.Release|x64.Build.0 = Release|x64
		{F541775C-9CE8-4868-BD97-1E8686BBB09B}.Release|x86.ActiveCfg = Release|Win32
		{F541775C-9CE8-4868-BD97-1E8686BBB09B}.Release|x86.Build.0 = Release|Win32
		{9CA5CBE2-CA8C-40B3-A101-9B773AB27F01}.Debug|x64.ActiveCfg = Debug|x64
		{9CA5CBE2-CA8C-40B3-A101-9B773AB27F01}.Debug|x64.Build.0 = Debug|x64
		{9CA5CBE2-CA8C-40B3-A101-9B773AB27F01}.Debug|x86.ActiveCfg = Debug|Win32
		{9CA5CBE2-CA8C-40B3-A101-9B773AB27F01}.Debug|x86.Build.0 = Debug|Win32
		{9CA5CBE2-CA8C-40B3-A101-9B773AB27F01}.Release|x64.ActiveCfg = Release|x64
		{9CA5CBE2-CA8C-40B3-A101-9B773AB27F01}.Release|x64.Build.0 = Release|x64
		{9CA5CBE2-CA8C-40B3-A101-9B773AB27F01}.Release|x86.ActiveCfg = Release|Win32
		{9CA5CBE2-CA8C-40B3-A101-9B773AB27F01}.Release|x86.Build.0 = Release|Win32
		{6B5088FD-4BA1-43C9-B7C4-CC9212480528}.Debug|x64.ActiveCfg = Debug|x64
		{6B5088FD-4BA1-43C9-B7C4-CC9212480528}.Debug|x64.Build.0 = Debug|x64
		{6B5088FD-4BA1-43C9-B7C4-CC9212480528}.Debug|x86.ActiveCfg = Debug|Win32
		{6B5088FD-4BA1-43C9-B7C4-CC9212480528}.Debug|x86.Build.0 = Debug|Win32
		{6B5088FD-4BA1-43C9-B7C4-CC9212480528}.Release|x64.ActiveCfg = Release|x64
		{6B5088FD-4BA1-43C9-B7C4-CC9212480528}.Release|x64.Build.0 = Release|x64
		{6B5088FD-4BA1-43C9-B7C4-CC9212480528}.Release|x86.ActiveCfg = Release|Win32
		{6B5088FD-4BA1-43C9-B7C4-CC9212480528}.Release|x86.Build.0 = Release|Win32
		{0AA9B9D5-5101-4987-964D-7C2656A3F9D7}.Debug|x64.ActiveCfg = Debug|x64
		{0AA9B9D5-5101-4987-964D-7C2656A3F9D7}.Debug|x64.Build.0 = Debug|x64
		{0AA9B9D5-5101-4987-964D-7C2656A3F9D7}.Debug|x86.ActiveCfg = Debug|Win32
		{0AA9B9D5-5101-4987-964D-7C2656A3F9D7}.Debug|x86.Build.0 = Debug|Win32
		{0AA9B9D5-5101-4987-964D-7C2656A3F9D7}.Release|x64.ActiveCfg = Release|x64
		{0AA9B9D5-5101-4987-964D-7C2656A3F9D7}.Release|x64.Build.0 = Release|x64
		{0AA9B9D5-5101-4987-964D-7C2656A3F9D7}.Release|x86.ActiveCfg = Release|Win32
		{0AA9B9D5-5101-4987-964D-7C2656A3F9D7}.Release|x86.Build.0 = Release|Win32
		{B307B46B-1300-4CD9-B73A-80F5B9460737}.Debug|x64.ActiveCfg = Debug|x64
		{B307B46B-1300-4CD9-B73A-80F5B9460737}.Debug|x64.Build.0 = Debug|x64
		{B307B46B-1300-4CD9-B73A-80F5B9460737}.Debug|x86.ActiveCfg = Debug|Win32
		{B307B46B-1300-4CD9-B73A-80F5B9460737}.Debug|x86.Build.0 = Debug|Win32
		{B307B46B-1300-4CD9-B73A-80F5B9460737}.Release|x64.ActiveCfg = Release|x64
		{B307B46B-1300-4CD9-B73A-80F5B9460737}.Release|x64.Build.0 = Release|x64
		{B307B46B-1300-4CD9-B73A-80F5B9460737}.Release|x86.ActiveCfg = Release|Win32
		{B307B46B-1300-4CD9-B73A-80F5B9460737}.Release|x86.Build.0 = Release|Win32
		{4379DE19-4948-4A29-8172-EFED894526EA}.Debug|x64.ActiveCfg = Debug|x64
		{4379DE19-4948-4A29-8172-EFED894526EA}.Debug|x64.Build.0 = Debug|x64
		{4379DE19-4948-4A29-8172-EFED894526EA}.Debug|x86.ActiveCfg = Debug|Win32
		{4379DE19-4948-4A29-8172-EFED894526EA}.Debug|x86.Build.0 = Debug|Win32
		{4379DE19-4948-4A29-8172-EFED894526EA}.Release|x64.ActiveCfg = Release|x64
		{4379DE19-4948-4A29-8172-EFED894526EA}.Release|x64.Build.0 = Release|x64
		{4379DE19-4948-4A29-8172-EFED894526EA}.Release|x86.ActiveCfg = Release|Win32
		{4379DE19-4948-4A29-8172-EFED894526EA}.Release|x86.Build.0 = Release|Win32
	EndGlobalSection
	GlobalSection(SolutionProperties) = preSolution
		HideSolutionNode = FALSE
	EndGlobalSection
	GlobalSection(ExtensibilityGlobals) = postSolution
		SolutionGuid = {DBA4210D-EA6A-4E07-9127-9745C1EA0174}
	EndGlobalSection
EndGlobal
